
Microsoft Visual Studio Solution File, Format Version 12.00
# Visual Studio Version 16
VisualStudioVersion = 16.0.30711.63
MinimumVisualStudioVersion = 10.0.40219.1
Project("{FAE04EC0-301F-11D3-BF4B-00C04F79EFBC}") = "Listanäkymä1", "Listanäkymä1\Listanäkymä1.csproj", "{895A98BE-11EC-495B-962E-9123AAF4258B}"
EndProject
Global
	GlobalSection(SolutionConfigurationPlatforms) = preSolution
		Debug|Any CPU = Debug|Any CPU
		Release|Any CPU = Release|Any CPU
	EndGlobalSection
	GlobalSection(ProjectConfigurationPlatforms) = postSolution
		{895A98BE-11EC-495B-962E-9123AAF4258B}.Debug|Any CPU.ActiveCfg = Debug|Any CPU
		{895A98BE-11EC-495B-962E-9123AAF4258B}.Debug|Any CPU.Build.0 = Debug|Any CPU
		{895A98BE-11EC-495B-962E-9123AAF4258B}.Release|Any CPU.ActiveCfg = Release|Any CPU
		{895A98BE-11EC-495B-962E-9123AAF4258B}.Release|Any CPU.Build.0 = Release|Any CPU
	EndGlobalSection
	GlobalSection(SolutionProperties) = preSolution
		HideSolutionNode = FALSE
	EndGlobalSection
	GlobalSection(ExtensibilityGlobals) = postSolution
		SolutionGuid = {484DEE0B-BA26-410A-BAFD-A13EF1831A55}
	EndGlobalSection
EndGlobal
