
Microsoft Visual Studio Solution File, Format Version 12.00
# Visual Studio Version 16
VisualStudioVersion = 16.0.30611.23
MinimumVisualStudioVersion = 10.0.40219.1
Project("{FAE04EC0-301F-11D3-BF4B-00C04F79EFBC}") = "Drawing", "Drawing.csproj", "{4AFCE491-AFEB-4670-99A5-FE952B523362}"
EndProject
Global
	GlobalSection(SolutionConfigurationPlatforms) = preSolution
		Debug|Any CPU = Debug|Any CPU
		Release|Any CPU = Release|Any CPU
	EndGlobalSection
	GlobalSection(ProjectConfigurationPlatforms) = postSolution
		{4AFCE491-AFEB-4670-99A5-FE952B523362}.Debug|Any CPU.ActiveCfg = Debug|Any CPU
		{4AFCE491-AFEB-4670-99A5-FE952B523362}.Debug|Any CPU.Build.0 = Debug|Any CPU
		{4AFCE491-AFEB-4670-99A5-FE952B523362}.Release|Any CPU.ActiveCfg = Release|Any CPU
		{4AFCE491-AFEB-4670-99A5-FE952B523362}.Release|Any CPU.Build.0 = Release|Any CPU
	EndGlobalSection
	GlobalSection(SolutionProperties) = preSolution
		HideSolutionNode = FALSE
	EndGlobalSection
	GlobalSection(ExtensibilityGlobals) = postSolution
		SolutionGuid = {D1D00696-2805-4285-9321-FD6A9DE1A3F4}
	EndGlobalSection
EndGlobal
